
Microsoft Visual Studio Solution File, Format Version 12.00
# Visual Studio 15
VisualStudioVersion = 15.0.27004.2005
MinimumVisualStudioVersion = 10.0.40219.1
Project("{FAE04EC0-301F-11D3-BF4B-00C04F79EFBC}") = "MyDotNetNg", "MyDotNetNg\MyDotNetNg.csproj", "{DB5E1690-FAA5-416F-9B74-1AB42E45087C}"
EndProject
Global
	GlobalSection(SolutionConfigurationPlatforms) = preSolution
		Debug|Any CPU = Debug|Any CPU
		Release|Any CPU = Release|Any CPU
	EndGlobalSection
	GlobalSection(ProjectConfigurationPlatforms) = postSolution
		{DB5E1690-FAA5-416F-9B74-1AB42E45087C}.Debug|Any CPU.ActiveCfg = Debug|Any CPU
		{DB5E1690-FAA5-416F-9B74-1AB42E45087C}.Debug|Any CPU.Build.0 = Debug|Any CPU
		{DB5E1690-FAA5-416F-9B74-1AB42E45087C}.Release|Any CPU.ActiveCfg = Release|Any CPU
		{DB5E1690-FAA5-416F-9B74-1AB42E45087C}.Release|Any CPU.Build.0 = Release|Any CPU
	EndGlobalSection
	GlobalSection(SolutionProperties) = preSolution
		HideSolutionNode = FALSE
	EndGlobalSection
	GlobalSection(ExtensibilityGlobals) = postSolution
		SolutionGuid = {2BF3ED18-603E-4D06-8426-DAB593D2BF63}
	EndGlobalSection
EndGlobal
